<?xml version="1.0" encoding="UTF-8"?>
<Scheme
   version = "1.3">
   <BuildAction>
      <BuildActionEntries>
         <BuildActionEntry
            buildForRunning = "YES">
            <BuildableReference
               BuildableIdentifier = "primary"
               BlueprintIdentifier = "D3DDAEF920E289EF00D5F230"
               BuildableName = "Custom Keyboard.app"
               BlueprintName = "Custom Keyboard"
               ReferencedContainer = "container:Custom Keyboard.xcodeproj">
            </BuildableReference>
         </BuildActionEntry>
      </BuildActionEntries>
   </BuildAction>
   <LaunchAction
      useCustomWorkingDirectory = "NO"
      buildConfiguration = "Debug"
      allowLocationSimulation = "YES">
      <BuildableProductRunnable>
         <BuildableReference
            BuildableIdentifier = "primary"
            BlueprintIdentifier = "D3DDAEF920E289EF00D5F230"
            BuildableName = "Custom Keyboard.app"
            BlueprintName = "Custom Keyboard"
            ReferencedContainer = "container:Custom Keyboard.xcodeproj">
         </BuildableReference>
      </BuildableProductRunnable>
   </LaunchAction>
</Scheme>
